
Microsoft Visual Studio Solution File, Format Version 12.00
# Visual Studio 15
VisualStudioVersion = 15.0.28307.329
MinimumVisualStudioVersion = 10.0.40219.1
Project("{F184B08F-C81C-45F6-A57F-5ABD9991F28F}") = "LabSix", "LabSix\LabSix.vbproj", "{0BC4D5A7-17B7-4B93-A447-BA893A2D65C7}"
EndProject
Global
	GlobalSection(SolutionConfigurationPlatforms) = preSolution
		Debug|Any CPU = Debug|Any CPU
		Release|Any CPU = Release|Any CPU
	EndGlobalSection
	GlobalSection(ProjectConfigurationPlatforms) = postSolution
		{0BC4D5A7-17B7-4B93-A447-BA893A2D65C7}.Debug|Any CPU.ActiveCfg = Debug|Any CPU
		{0BC4D5A7-17B7-4B93-A447-BA893A2D65C7}.Debug|Any CPU.Build.0 = Debug|Any CPU
		{0BC4D5A7-17B7-4B93-A447-BA893A2D65C7}.Release|Any CPU.ActiveCfg = Release|Any CPU
		{0BC4D5A7-17B7-4B93-A447-BA893A2D65C7}.Release|Any CPU.Build.0 = Release|Any CPU
	EndGlobalSection
	GlobalSection(SolutionProperties) = preSolution
		HideSolutionNode = FALSE
	EndGlobalSection
	GlobalSection(ExtensibilityGlobals) = postSolution
		SolutionGuid = {929A483F-B95A-454D-B631-FE24D5ABE946}
	EndGlobalSection
EndGlobal
